{
  "originHash" : "603aabe822b2ef2239ffc14cbe071cbcbcc73cd55d4c9c71d2a0f9afc36fbde7",
  "pins" : [
    {
      "identity" : "posthog-ios",
      "kind" : "remoteSourceControl",
      "location" : "https://github.com/hidden-spectrum/posthog-ios.git",
      "state" : {
        "branch" : "disable-swizzling",
        "revision" : "b842e4dfbf3a84b3608368af7314f57837e1dadc"
      }
    }
  ],
  "version" : 3
}
