{
  "originHash" : "538f5b64dccf31d2293f481e3ed98bdfca99784c611aa03ce3191582e79b0358",
  "pins" : [
    {
      "identity" : "posthog-ios",
      "kind" : "remoteSourceControl",
      "location" : "https://github.com/PostHog/posthog-ios",
      "state" : {
        "revision" : "ba5dd65d2341ab8ea1949f072594ef67c490af3a",
        "version" : "3.34.0"
      }
    }
  ],
  "version" : 3
}
